Microsoft Visual Studio Solution File, Format Version 12.00
# Visual Studio 15
VisualStudioVersion = 15.0.26430.16
MinimumVisualStudioVersion = 10.0.40219.1
Project("{FAE04EC0-301F-11D3-BF4B-00C04F79EFBC}") = "Slave.Core", "Slave.Core\Slave.Core.csproj", "{6F67CAF3-C557-4BEF-B233-FFB4E7C0C8BA}"
EndProject
Project("{FAE04EC0-301F-11D3-BF4B-00C04F79EFBC}") = "Slave.Framework", "Slave.Framework\Slave.Framework.csproj", "{1AEF87B4-B549-4408-BBF2-9BC76B9A5121}"
EndProject
Project("{FAE04EC0-301F-11D3-BF4B-00C04F79EFBC}") = "Slave.ScreenShotPlugin", "Slave.ScreenShotPlugin\Slave.ScreenShotPlugin.csproj", "{58E14687-40F2-43E2-93BB-B02A6BF90DCD}"
EndProject
Project("{FAE04EC0-301F-11D3-BF4B-00C04F79EFBC}") = "Slave.ScratchPadPlugin", "Slave.ScratchPadPlugin\Slave.ScratchPadPlugin.csproj", "{14A071EC-3269-4E2B-9A1A-5EC9789CE924}"
EndProject
Project("{FAE04EC0-301F-11D3-BF4B-00C04F79EFBC}") = "Slave.TranslatorPlugin", "Slave.TranslatorPlugin\Slave.TranslatorPlugin.csproj", "{250E1A7A-8FC0-4178-A402-9D7D1743AC64}"
EndProject
Project("{FAE04EC0-301F-11D3-BF4B-00C04F79EFBC}") = "Slave.PowerShellPlugin", "Slave.PowerShellPlugin\Slave.PowerShellPlugin.csproj", "{7C1410CD-FA01-4E7F-AD5A-F15FD57D2304}"
EndProject
Global
	GlobalSection(SolutionConfigurationPlatforms) = preSolution
		Debug|Any CPU = Debug|Any CPU
		Debug|x86 = Debug|x86
		Release|Any CPU = Release|Any CPU
		Release|x86 = Release|x86
	EndGlobalSection
	GlobalSection(ProjectConfigurationPlatforms) = postSolution
		{6F67CAF3-C557-4BEF-B233-FFB4E7C0C8BA}.Debug|Any CPU.ActiveCfg = Debug|Any CPU
		{6F67CAF3-C557-4BEF-B233-FFB4E7C0C8BA}.Debug|Any CPU.Build.0 = Debug|Any CPU
		{6F67CAF3-C557-4BEF-B233-FFB4E7C0C8BA}.Debug|x86.ActiveCfg = Debug|x86
		{6F67CAF3-C557-4BEF-B233-FFB4E7C0C8BA}.Debug|x86.Build.0 = Debug|x86
		{6F67CAF3-C557-4BEF-B233-FFB4E7C0C8BA}.Release|Any CPU.ActiveCfg = Release|Any CPU
		{6F67CAF3-C557-4BEF-B233-FFB4E7C0C8BA}.Release|Any CPU.Build.0 = Release|Any CPU
		{6F67CAF3-C557-4BEF-B233-FFB4E7C0C8BA}.Release|x86.ActiveCfg = Release|x86
		{6F67CAF3-C557-4BEF-B233-FFB4E7C0C8BA}.Release|x86.Build.0 = Release|x86
		{1AEF87B4-B549-4408-BBF2-9BC76B9A5121}.Debug|Any CPU.ActiveCfg = Debug|Any CPU
		{1AEF87B4-B549-4408-BBF2-9BC76B9A5121}.Debug|Any CPU.Build.0 = Debug|Any CPU
		{1AEF87B4-B549-4408-BBF2-9BC76B9A5121}.Debug|x86.ActiveCfg = Debug|x86
		{1AEF87B4-B549-4408-BBF2-9BC76B9A5121}.Debug|x86.Build.0 = Debug|x86
		{1AEF87B4-B549-4408-BBF2-9BC76B9A5121}.Release|Any CPU.ActiveCfg = Release|Any CPU
		{1AEF87B4-B549-4408-BBF2-9BC76B9A5121}.Release|Any CPU.Build.0 = Release|Any CPU
		{1AEF87B4-B549-4408-BBF2-9BC76B9A5121}.Release|x86.ActiveCfg = Release|x86
		{1AEF87B4-B549-4408-BBF2-9BC76B9A5121}.Release|x86.Build.0 = Release|x86
		{58E14687-40F2-43E2-93BB-B02A6BF90DCD}.Debug|Any CPU.ActiveCfg = Debug|Any CPU
		{58E14687-40F2-43E2-93BB-B02A6BF90DCD}.Debug|Any CPU.Build.0 = Debug|Any CPU
		{58E14687-40F2-43E2-93BB-B02A6BF90DCD}.Debug|x86.ActiveCfg = Debug|x86
		{58E14687-40F2-43E2-93BB-B02A6BF90DCD}.Debug|x86.Build.0 = Debug|x86
		{58E14687-40F2-43E2-93BB-B02A6BF90DCD}.Release|Any CPU.ActiveCfg = Release|Any CPU
		{58E14687-40F2-43E2-93BB-B02A6BF90DCD}.Release|Any CPU.Build.0 = Release|Any CPU
		{58E14687-40F2-43E2-93BB-B02A6BF90DCD}.Release|x86.ActiveCfg = Release|x86
		{58E14687-40F2-43E2-93BB-B02A6BF90DCD}.Release|x86.Build.0 = Release|x86
		{14A071EC-3269-4E2B-9A1A-5EC9789CE924}.Debug|Any CPU.ActiveCfg = Debug|Any CPU
		{14A071EC-3269-4E2B-9A1A-5EC9789CE924}.Debug|Any CPU.Build.0 = Debug|Any CPU
		{14A071EC-3269-4E2B-9A1A-5EC9789CE924}.Debug|x86.ActiveCfg = Debug|x86
		{14A071EC-3269-4E2B-9A1A-5EC9789CE924}.Debug|x86.Build.0 = Debug|x86
		{14A071EC-3269-4E2B-9A1A-5EC9789CE924}.Release|Any CPU.ActiveCfg = Release|Any CPU
		{14A071EC-3269-4E2B-9A1A-5EC9789CE924}.Release|Any CPU.Build.0 = Release|Any CPU
		{14A071EC-3269-4E2B-9A1A-5EC9789CE924}.Release|x86.ActiveCfg = Release|x86
		{14A071EC-3269-4E2B-9A1A-5EC9789CE924}.Release|x86.Build.0 = Release|x86
		{250E1A7A-8FC0-4178-A402-9D7D1743AC64}.Debug|Any CPU.ActiveCfg = Debug|Any CPU
		{250E1A7A-8FC0-4178-A402-9D7D1743AC64}.Debug|Any CPU.Build.0 = Debug|Any CPU
		{250E1A7A-8FC0-4178-A402-9D7D1743AC64}.Debug|x86.ActiveCfg = Debug|x86
		{250E1A7A-8FC0-4178-A402-9D7D1743AC64}.Debug|x86.Build.0 = Debug|x86
		{250E1A7A-8FC0-4178-A402-9D7D1743AC64}.Release|Any CPU.ActiveCfg = Release|Any CPU
		{250E1A7A-8FC0-4178-A402-9D7D1743AC64}.Release|Any CPU.Build.0 = Release|Any CPU
		{250E1A7A-8FC0-4178-A402-9D7D1743AC64}.Release|x86.ActiveCfg = Release|x86
		{250E1A7A-8FC0-4178-A402-9D7D1743AC64}.Release|x86.Build.0 = Release|x86
		{7C1410CD-FA01-4E7F-AD5A-F15FD57D2304}.Debug|Any CPU.ActiveCfg = Debug|Any CPU
		{7C1410CD-FA01-4E7F-AD5A-F15FD57D2304}.Debug|Any CPU.Build.0 = Debug|Any CPU
		{7C1410CD-FA01-4E7F-AD5A-F15FD57D2304}.Debug|x86.ActiveCfg = Debug|Any CPU
		{7C1410CD-FA01-4E7F-AD5A-F15FD57D2304}.Debug|x86.Build.0 = Debug|Any CPU
		{7C1410CD-FA01-4E7F-AD5A-F15FD57D2304}.Release|Any CPU.ActiveCfg = Release|Any CPU
		{7C1410CD-FA01-4E7F-AD5A-F15FD57D2304}.Release|Any CPU.Build.0 = Release|Any CPU
		{7C1410CD-FA01-4E7F-AD5A-F15FD57D2304}.Release|x86.ActiveCfg = Release|Any CPU
		{7C1410CD-FA01-4E7F-AD5A-F15FD57D2304}.Release|x86.Build.0 = Release|Any CPU
	EndGlobalSection
	GlobalSection(SolutionProperties) = preSolution
		HideSolutionNode = FALSE
	EndGlobalSection
EndGlobal
